{
    "_readme": [
        "This file locks the dependencies of your project to a known state",
        "Read more about it at https://getcomposer.org/doc/01-basic-usage.md#installing-dependencies",
        "This file is @generated automatically"
    ],
    "content-hash": "2e1e4545232af60dc6765863b2c6dd53",
    "packages": [
        {
            "name": "vrana/jsshrink",
            "version": "dev-main",
            "source": {
                "type": "git",
                "url": "https://github.com/vrana/JsShrink.git",
                "reference": "4f8a69bd80bda24e8233bca428e5f56400e3cb1b"
            },
            "dist": {
                "type": "zip",
                "url": "https://api.github.com/repos/vrana/JsShrink/zipball/4f8a69bd80bda24e8233bca428e5f56400e3cb1b",
                "reference": "4f8a69bd80bda24e8233bca428e5f56400e3cb1b",
                "shasum": ""
            },
            "require": {
                "php": ">=5.3"
            },
            "default-branch": true,
            "type": "library",
            "extra": {
                "component": {
                    "scripts": [
                        "jsShrink.js"
                    ]
                }
            },
            "autoload": {
                "files": [
                    "jsShrink.js"
                ]
            },
            "license": [
                "Apache-2.0",
                "GPL-2.0"
            ],
            "authors": [
                {
                    "name": "Jakub Vrána",
                    "homepage": "https://www.vrana.cz"
                }
            ],
            "description": "Remove spaces and comments from JavaScript code (available in PHP and JavaScript).",
            "homepage": "https://github.com/vrana/JsShrink",
            "support": {
                "source": "https://github.com/vrana/JsShrink/tree/main",
                "issues": "https://github.com/vrana/JsShrink/issues"
            },
            "time": "2025-03-19T21:30:40+00:00"
        },
        {
            "name": "vrana/jush",
            "version": "v2.1.3",
            "source": {
                "type": "git",
                "url": "https://github.com/peterpp/jush.git",
                "reference": "bddd8a9df2177582426363899fd3b86cdd5e9dd9"
            },
            "dist": {
                "type": "zip",
                "url": "https://api.github.com/repos/peterpp/jush/zipball/bddd8a9df2177582426363899fd3b86cdd5e9dd9",
                "reference": "bddd8a9df2177582426363899fd3b86cdd5e9dd9",
                "shasum": ""
            },
            "type": "library",
            "license": [
                "Apache-2.0",
                "GPL-2.0-only"
            ],
            "authors": [
                {
                    "name": "Jakub Vrána",
                    "homepage": "https://www.vrana.cz/"
                }
            ],
            "description": "JUSH - JavaScript Syntax Highlighter",
            "homepage": "https://jush.sourceforge.io/",
            "keywords": [
                "javascript",
                "syntax highlighter"
            ],
            "support": {
                "source": "https://github.com/vrana/jush/"
            },
            "time": "2025-03-23T22:20:39+00:00"
        },
        {
            "name": "vrana/phpshrink",
            "version": "dev-main",
            "source": {
                "type": "git",
                "url": "https://github.com/vrana/PhpShrink.git",
                "reference": "b3d92cdf76aacfde22732a9132669d5ab55e7310"
            },
            "dist": {
                "type": "zip",
                "url": "https://api.github.com/repos/vrana/PhpShrink/zipball/b3d92cdf76aacfde22732a9132669d5ab55e7310",
                "reference": "b3d92cdf76aacfde22732a9132669d5ab55e7310",
                "shasum": ""
            },
            "require": {
                "php": ">=5.3"
            },
            "default-branch": true,
            "type": "library",
            "license": [
                "Apache-2.0"
            ],
            "authors": [
                {
                    "name": "Jakub Vrána",
                    "homepage": "https://www.vrana.cz"
                }
            ],
            "description": "Remove spaces and comments from PHP code.",
            "homepage": "https://github.com/vrana/PhpShrink",
            "support": {
                "source": "https://github.com/vrana/PhpShrink/tree/main",
                "issues": "https://github.com/vrana/PhpShrink/issues"
            },
            "time": "2025-05-07T06:59:19+00:00"
        }
    ],
    "packages-dev": [],
    "aliases": [],
    "minimum-stability": "stable",
    "stability-flags": {
        "vrana/jsshrink": 20,
        "vrana/phpshrink": 20
    },
    "prefer-stable": false,
    "prefer-lowest": false,
    "platform": {
        "php": "7.1 - 8.4",
        "ext-json": "*"
    },
    "platform-dev": {},
    "plugin-api-version": "2.6.0"
}
